PODS:
  - Flutter (1.0.0)
  - integration_test (0.0.1):
    - Flutter
  - native_plugin (0.0.1):
    - Flutter

DEPENDENCIES:
  - Flutter (from `Flutter`)
  - integration_test (from `.symlinks/plugins/integration_test/ios`)
  - native_plugin (from `.symlinks/plugins/native_plugin/ios`)

EXTERNAL SOURCES:
  Flutter:
    :path: Flutter
  integration_test:
    :path: ".symlinks/plugins/integration_test/ios"
  native_plugin:
    :path: ".symlinks/plugins/native_plugin/ios"

SPEC CHECKSUMS:
  Flutter: f04841e97a9d0b0a8025694d0796dd46242b2854
  integration_test: 13825b8a9334a850581300559b8839134b124670
  native_plugin: c0846301d117bc24e590353fcb105daf7c4f28ee

PODFILE CHECKSUM: eab1b195d3615c94f15c6f9ae91cd0c30da5d14a

COCOAPODS: 1.13.0
